
Microsoft Visual Studio Solution File, Format Version 12.00
# Visual Studio Version 16
VisualStudioVersion = 16.0.34601.136
MinimumVisualStudioVersion = 10.0.40219.1
Project("{FAE04EC0-301F-11D3-BF4B-00C04F79EFBC}") = "GoodsProject", "GoodsProject.csproj", "{5E841CF9-D78C-4201-843C-B98DF12FDAAB}"
EndProject
Global
	GlobalSection(SolutionConfigurationPlatforms) = preSolution
		Debug|Any CPU = Debug|Any CPU
		Release|Any CPU = Release|Any CPU
	EndGlobalSection
	GlobalSection(ProjectConfigurationPlatforms) = postSolution
		{5E841CF9-D78C-4201-843C-B98DF12FDAAB}.Debug|Any CPU.ActiveCfg = Debug|Any CPU
		{5E841CF9-D78C-4201-843C-B98DF12FDAAB}.Debug|Any CPU.Build.0 = Debug|Any CPU
		{5E841CF9-D78C-4201-843C-B98DF12FDAAB}.Release|Any CPU.ActiveCfg = Release|Any CPU
		{5E841CF9-D78C-4201-843C-B98DF12FDAAB}.Release|Any CPU.Build.0 = Release|Any CPU
	EndGlobalSection
	GlobalSection(SolutionProperties) = preSolution
		HideSolutionNode = FALSE
	EndGlobalSection
	GlobalSection(ExtensibilityGlobals) = postSolution
		SolutionGuid = {B78964B5-A4A8-4D63-8472-6E939CD79288}
	EndGlobalSection
EndGlobal
